
Microsoft Visual Studio Solution File, Format Version 12.00
Project("{FAE04EC0-301F-11D3-BF4B-00C04F79EFBC}") = "ScaleNet", "..\src\ScaleNet\ScaleNet.csproj", "{BD14D7AE-3C43-441D-BC44-CA2963D138A0}"
EndProject
Project("{FAE04EC0-301F-11D3-BF4B-00C04F79EFBC}") = "ScaleNet.Client", "..\src\ScaleNet.Client\ScaleNet.Client.csproj", "{1E24DA33-981F-4FCD-A18F-0DE23C4463A4}"
EndProject
Project("{FAE04EC0-301F-11D3-BF4B-00C04F79EFBC}") = "ScaleNet.Server", "..\src\ScaleNet.Server\ScaleNet.Server.csproj", "{B300843B-F59C-4E80-9A5D-6A840BAE4DEA}"
EndProject
Project("{2150E333-8FDC-42A3-9474-1A3956D46DE8}") = "Chat", "Chat", "{837337C3-81B5-477F-BA4D-D1AFF3E56041}"
EndProject
Project("{FAE04EC0-301F-11D3-BF4B-00C04F79EFBC}") = "Server", "Chat\Server\Server.csproj", "{141F458E-484B-4905-B327-5C718AECAD15}"
EndProject
Project("{FAE04EC0-301F-11D3-BF4B-00C04F79EFBC}") = "Client", "Chat\Client\Client.csproj", "{2B5ABF9F-8945-4CD7-97C5-9AD44F28C496}"
EndProject
Project("{FAE04EC0-301F-11D3-BF4B-00C04F79EFBC}") = "Shared", "Shared\Shared.csproj", "{E67C1394-9605-4062-A2D9-2B0286690587}"
EndProject
Global
	GlobalSection(SolutionConfigurationPlatforms) = preSolution
		Debug|Any CPU = Debug|Any CPU
		Release|Any CPU = Release|Any CPU
	EndGlobalSection
	GlobalSection(ProjectConfigurationPlatforms) = postSolution
		{1E24DA33-981F-4FCD-A18F-0DE23C4463A4}.Debug|Any CPU.ActiveCfg = Debug|Any CPU
		{1E24DA33-981F-4FCD-A18F-0DE23C4463A4}.Debug|Any CPU.Build.0 = Debug|Any CPU
		{1E24DA33-981F-4FCD-A18F-0DE23C4463A4}.Release|Any CPU.ActiveCfg = Release|Any CPU
		{1E24DA33-981F-4FCD-A18F-0DE23C4463A4}.Release|Any CPU.Build.0 = Release|Any CPU
		{BD14D7AE-3C43-441D-BC44-CA2963D138A0}.Debug|Any CPU.ActiveCfg = Debug|Any CPU
		{BD14D7AE-3C43-441D-BC44-CA2963D138A0}.Debug|Any CPU.Build.0 = Debug|Any CPU
		{BD14D7AE-3C43-441D-BC44-CA2963D138A0}.Release|Any CPU.ActiveCfg = Release|Any CPU
		{BD14D7AE-3C43-441D-BC44-CA2963D138A0}.Release|Any CPU.Build.0 = Release|Any CPU
		{B300843B-F59C-4E80-9A5D-6A840BAE4DEA}.Debug|Any CPU.ActiveCfg = Debug|Any CPU
		{B300843B-F59C-4E80-9A5D-6A840BAE4DEA}.Debug|Any CPU.Build.0 = Debug|Any CPU
		{B300843B-F59C-4E80-9A5D-6A840BAE4DEA}.Release|Any CPU.ActiveCfg = Release|Any CPU
		{B300843B-F59C-4E80-9A5D-6A840BAE4DEA}.Release|Any CPU.Build.0 = Release|Any CPU
		{141F458E-484B-4905-B327-5C718AECAD15}.Debug|Any CPU.ActiveCfg = Debug|Any CPU
		{141F458E-484B-4905-B327-5C718AECAD15}.Debug|Any CPU.Build.0 = Debug|Any CPU
		{141F458E-484B-4905-B327-5C718AECAD15}.Release|Any CPU.ActiveCfg = Release|Any CPU
		{141F458E-484B-4905-B327-5C718AECAD15}.Release|Any CPU.Build.0 = Release|Any CPU
		{2B5ABF9F-8945-4CD7-97C5-9AD44F28C496}.Debug|Any CPU.ActiveCfg = Debug|Any CPU
		{2B5ABF9F-8945-4CD7-97C5-9AD44F28C496}.Debug|Any CPU.Build.0 = Debug|Any CPU
		{2B5ABF9F-8945-4CD7-97C5-9AD44F28C496}.Release|Any CPU.ActiveCfg = Release|Any CPU
		{2B5ABF9F-8945-4CD7-97C5-9AD44F28C496}.Release|Any CPU.Build.0 = Release|Any CPU
		{E67C1394-9605-4062-A2D9-2B0286690587}.Debug|Any CPU.ActiveCfg = Debug|Any CPU
		{E67C1394-9605-4062-A2D9-2B0286690587}.Debug|Any CPU.Build.0 = Debug|Any CPU
		{E67C1394-9605-4062-A2D9-2B0286690587}.Release|Any CPU.ActiveCfg = Release|Any CPU
		{E67C1394-9605-4062-A2D9-2B0286690587}.Release|Any CPU.Build.0 = Release|Any CPU
	EndGlobalSection
	GlobalSection(NestedProjects) = preSolution
		{141F458E-484B-4905-B327-5C718AECAD15} = {837337C3-81B5-477F-BA4D-D1AFF3E56041}
		{2B5ABF9F-8945-4CD7-97C5-9AD44F28C496} = {837337C3-81B5-477F-BA4D-D1AFF3E56041}
		{E67C1394-9605-4062-A2D9-2B0286690587} = {837337C3-81B5-477F-BA4D-D1AFF3E56041}
	EndGlobalSection
EndGlobal
